
Microsoft Visual Studio Solution File, Format Version 12.00
# Visual Studio Version 16
VisualStudioVersion = 16.0.31410.357
MinimumVisualStudioVersion = 10.0.40219.1
Project("{9A19103F-16F7-4668-BE54-9A1E7A4F7556}") = "Shared", "Shared\Shared.csproj", "{0EDD633A-BAFE-441B-BABC-892DA084C964}"
EndProject
Project("{9A19103F-16F7-4668-BE54-9A1E7A4F7556}") = "Client", "Client\Client.csproj", "{9FCB8E33-A0B3-4897-BF72-2913C558FEA0}"
EndProject
Project("{9A19103F-16F7-4668-BE54-9A1E7A4F7556}") = "Server", "Server\Server.csproj", "{F0EE016C-F8BC-4903-A8D3-1FC69342B959}"
EndProject
Project("{9A19103F-16F7-4668-BE54-9A1E7A4F7556}") = "ProtoServer", "ProtoServer\ProtoServer.csproj", "{306BF898-F4DD-4AF8-84A9-4C44006519E6}"
EndProject
Project("{FAE04EC0-301F-11D3-BF4B-00C04F79EFBC}") = "ProtoClient", "ProtoClient\ProtoClient.csproj", "{2637E3E3-1036-4DE4-A900-2854214084ED}"
EndProject
Global
	GlobalSection(SolutionConfigurationPlatforms) = preSolution
		Debug|Any CPU = Debug|Any CPU
		Release|Any CPU = Release|Any CPU
	EndGlobalSection
	GlobalSection(ProjectConfigurationPlatforms) = postSolution
		{0EDD633A-BAFE-441B-BABC-892DA084C964}.Debug|Any CPU.ActiveCfg = Debug|Any CPU
		{0EDD633A-BAFE-441B-BABC-892DA084C964}.Debug|Any CPU.Build.0 = Debug|Any CPU
		{0EDD633A-BAFE-441B-BABC-892DA084C964}.Release|Any CPU.ActiveCfg = Release|Any CPU
		{0EDD633A-BAFE-441B-BABC-892DA084C964}.Release|Any CPU.Build.0 = Release|Any CPU
		{9FCB8E33-A0B3-4897-BF72-2913C558FEA0}.Debug|Any CPU.ActiveCfg = Debug|Any CPU
		{9FCB8E33-A0B3-4897-BF72-2913C558FEA0}.Debug|Any CPU.Build.0 = Debug|Any CPU
		{9FCB8E33-A0B3-4897-BF72-2913C558FEA0}.Release|Any CPU.ActiveCfg = Release|Any CPU
		{9FCB8E33-A0B3-4897-BF72-2913C558FEA0}.Release|Any CPU.Build.0 = Release|Any CPU
		{F0EE016C-F8BC-4903-A8D3-1FC69342B959}.Debug|Any CPU.ActiveCfg = Debug|Any CPU
		{F0EE016C-F8BC-4903-A8D3-1FC69342B959}.Debug|Any CPU.Build.0 = Debug|Any CPU
		{F0EE016C-F8BC-4903-A8D3-1FC69342B959}.Release|Any CPU.ActiveCfg = Release|Any CPU
		{F0EE016C-F8BC-4903-A8D3-1FC69342B959}.Release|Any CPU.Build.0 = Release|Any CPU
		{306BF898-F4DD-4AF8-84A9-4C44006519E6}.Debug|Any CPU.ActiveCfg = Debug|Any CPU
		{306BF898-F4DD-4AF8-84A9-4C44006519E6}.Debug|Any CPU.Build.0 = Debug|Any CPU
		{306BF898-F4DD-4AF8-84A9-4C44006519E6}.Release|Any CPU.ActiveCfg = Release|Any CPU
		{306BF898-F4DD-4AF8-84A9-4C44006519E6}.Release|Any CPU.Build.0 = Release|Any CPU
		{2637E3E3-1036-4DE4-A900-2854214084ED}.Debug|Any CPU.ActiveCfg = Debug|Any CPU
		{2637E3E3-1036-4DE4-A900-2854214084ED}.Debug|Any CPU.Build.0 = Debug|Any CPU
		{2637E3E3-1036-4DE4-A900-2854214084ED}.Release|Any CPU.ActiveCfg = Release|Any CPU
		{2637E3E3-1036-4DE4-A900-2854214084ED}.Release|Any CPU.Build.0 = Release|Any CPU
	EndGlobalSection
	GlobalSection(SolutionProperties) = preSolution
		HideSolutionNode = FALSE
	EndGlobalSection
	GlobalSection(ExtensibilityGlobals) = postSolution
		SolutionGuid = {B4105659-24B6-45AA-80BE-5317D3C3FB58}
	EndGlobalSection
EndGlobal
